
Microsoft Visual Studio Solution File, Format Version 12.00
# Visual Studio Version 16
VisualStudioVersion = 16.0.30011.22
MinimumVisualStudioVersion = 10.0.40219.1
Project("{00D1A9C2-B5F0-4AF3-8072-F6C62B433612}") = "SQLRakshiDTDemo", "SQLRakshiDTDemo\SQLRakshiDTDemo.sqlproj", "{675004E3-5073-437B-81A0-4D69609908ED}"
EndProject
Global
	GlobalSection(SolutionConfigurationPlatforms) = preSolution
		Debug|Any CPU = Debug|Any CPU
		Release|Any CPU = Release|Any CPU
	EndGlobalSection
	GlobalSection(ProjectConfigurationPlatforms) = postSolution
		{675004E3-5073-437B-81A0-4D69609908ED}.Debug|Any CPU.ActiveCfg = Debug|Any CPU
		{675004E3-5073-437B-81A0-4D69609908ED}.Debug|Any CPU.Build.0 = Debug|Any CPU
		{675004E3-5073-437B-81A0-4D69609908ED}.Debug|Any CPU.Deploy.0 = Debug|Any CPU
		{675004E3-5073-437B-81A0-4D69609908ED}.Release|Any CPU.ActiveCfg = Release|Any CPU
		{675004E3-5073-437B-81A0-4D69609908ED}.Release|Any CPU.Build.0 = Release|Any CPU
		{675004E3-5073-437B-81A0-4D69609908ED}.Release|Any CPU.Deploy.0 = Release|Any CPU
	EndGlobalSection
	GlobalSection(SolutionProperties) = preSolution
		HideSolutionNode = FALSE
	EndGlobalSection
	GlobalSection(ExtensibilityGlobals) = postSolution
		SolutionGuid = {96D92B3F-5CA5-4BE7-B310-B6DB970CC7CA}
	EndGlobalSection
EndGlobal
